
Microsoft Visual Studio Solution File, Format Version 12.00
# Visual Studio Version 17
VisualStudioVersion = 17.2.32630.192
MinimumVisualStudioVersion = 10.0.40219.1
Project("{FAE04EC0-301F-11D3-BF4B-00C04F79EFBC}") = "RapChieuPhim", "RapChieuPhim.csproj", "{C36C9EDF-1EFF-4120-9FD9-6AAE4B05B93B}"
EndProject
Project("{FAE04EC0-301F-11D3-BF4B-00C04F79EFBC}") = "DAL", "..\DAL\DAL.csproj", "{38DC2ABB-89A0-43F8-BB8B-0C1E1EB74FE2}"
EndProject
Project("{FAE04EC0-301F-11D3-BF4B-00C04F79EFBC}") = "BUS", "..\BUS\BUS.csproj", "{17FAD547-F248-4499-8E97-449C7D93F244}"
EndProject
Global
	GlobalSection(SolutionConfigurationPlatforms) = preSolution
		Debug|Any CPU = Debug|Any CPU
		Release|Any CPU = Release|Any CPU
	EndGlobalSection
	GlobalSection(ProjectConfigurationPlatforms) = postSolution
		{C36C9EDF-1EFF-4120-9FD9-6AAE4B05B93B}.Debug|Any CPU.ActiveCfg = Debug|Any CPU
		{C36C9EDF-1EFF-4120-9FD9-6AAE4B05B93B}.Debug|Any CPU.Build.0 = Debug|Any CPU
		{C36C9EDF-1EFF-4120-9FD9-6AAE4B05B93B}.Release|Any CPU.ActiveCfg = Release|Any CPU
		{C36C9EDF-1EFF-4120-9FD9-6AAE4B05B93B}.Release|Any CPU.Build.0 = Release|Any CPU
		{38DC2ABB-89A0-43F8-BB8B-0C1E1EB74FE2}.Debug|Any CPU.ActiveCfg = Debug|Any CPU
		{38DC2ABB-89A0-43F8-BB8B-0C1E1EB74FE2}.Debug|Any CPU.Build.0 = Debug|Any CPU
		{38DC2ABB-89A0-43F8-BB8B-0C1E1EB74FE2}.Release|Any CPU.ActiveCfg = Release|Any CPU
		{38DC2ABB-89A0-43F8-BB8B-0C1E1EB74FE2}.Release|Any CPU.Build.0 = Release|Any CPU
		{17FAD547-F248-4499-8E97-449C7D93F244}.Debug|Any CPU.ActiveCfg = Debug|Any CPU
		{17FAD547-F248-4499-8E97-449C7D93F244}.Debug|Any CPU.Build.0 = Debug|Any CPU
		{17FAD547-F248-4499-8E97-449C7D93F244}.Release|Any CPU.ActiveCfg = Release|Any CPU
		{17FAD547-F248-4499-8E97-449C7D93F244}.Release|Any CPU.Build.0 = Release|Any CPU
	EndGlobalSection
	GlobalSection(SolutionProperties) = preSolution
		HideSolutionNode = FALSE
	EndGlobalSection
	GlobalSection(ExtensibilityGlobals) = postSolution
		SolutionGuid = {0BC0E2CD-9D89-4BF9-AE4B-382F29EA2E65}
	EndGlobalSection
EndGlobal
